
Microsoft Visual Studio Solution File, Format Version 12.00
# Visual Studio 15
VisualStudioVersion = 15.0.27703.2047
MinimumVisualStudioVersion = 10.0.40219.1
Project("{888888A0-9F3D-457C-B088-3A5042F75D52}") = "BP神经网络解决异或问题", "BP神经网络解决异或问题\BP神经网络解决异或问题.pyproj", "{09300300-29A9-4AEC-8038-E3895BA85EA1}"
EndProject
Global
	GlobalSection(SolutionConfigurationPlatforms) = preSolution
		Debug|Any CPU = Debug|Any CPU
		Release|Any CPU = Release|Any CPU
	EndGlobalSection
	GlobalSection(ProjectConfigurationPlatforms) = postSolution
		{09300300-29A9-4AEC-8038-E3895BA85EA1}.Debug|Any CPU.ActiveCfg = Debug|Any CPU
		{09300300-29A9-4AEC-8038-E3895BA85EA1}.Release|Any CPU.ActiveCfg = Release|Any CPU
	EndGlobalSection
	GlobalSection(SolutionProperties) = preSolution
		HideSolutionNode = FALSE
	EndGlobalSection
	GlobalSection(ExtensibilityGlobals) = postSolution
		SolutionGuid = {F635B7F2-0BAD-4007-9CD1-B893E82D13D0}
	EndGlobalSection
EndGlobal
