
Microsoft Visual Studio Solution File, Format Version 12.00
# Visual Studio 15
VisualStudioVersion = 15.0.27703.2047
MinimumVisualStudioVersion = 10.0.40219.1
Project("{888888A0-9F3D-457C-B088-3A5042F75D52}") = "K-Means", "K-Means\K-Means.pyproj", "{3EEDE581-6008-4C40-B9EE-81F708258E72}"
EndProject
Global
	GlobalSection(SolutionConfigurationPlatforms) = preSolution
		Debug|Any CPU = Debug|Any CPU
		Release|Any CPU = Release|Any CPU
	EndGlobalSection
	GlobalSection(ProjectConfigurationPlatforms) = postSolution
		{3EEDE581-6008-4C40-B9EE-81F708258E72}.Debug|Any CPU.ActiveCfg = Debug|Any CPU
		{3EEDE581-6008-4C40-B9EE-81F708258E72}.Release|Any CPU.ActiveCfg = Release|Any CPU
	EndGlobalSection
	GlobalSection(SolutionProperties) = preSolution
		HideSolutionNode = FALSE
	EndGlobalSection
	GlobalSection(ExtensibilityGlobals) = postSolution
		SolutionGuid = {AFFFA95E-4C34-4BF0-BA34-1706A14234BB}
	EndGlobalSection
EndGlobal
