
Microsoft Visual Studio Solution File, Format Version 12.00
# Visual Studio 15
VisualStudioVersion = 15.0.27703.2047
MinimumVisualStudioVersion = 10.0.40219.1
Project("{888888A0-9F3D-457C-B088-3A5042F75D52}") = "尝试构建逻辑回归", "尝试构建逻辑回归\尝试构建逻辑回归.pyproj", "{2E4036A4-1958-46C6-A147-525A48F93895}"
EndProject
Global
	GlobalSection(SolutionConfigurationPlatforms) = preSolution
		Debug|Any CPU = Debug|Any CPU
		Release|Any CPU = Release|Any CPU
	EndGlobalSection
	GlobalSection(ProjectConfigurationPlatforms) = postSolution
		{2E4036A4-1958-46C6-A147-525A48F93895}.Debug|Any CPU.ActiveCfg = Debug|Any CPU
		{2E4036A4-1958-46C6-A147-525A48F93895}.Release|Any CPU.ActiveCfg = Release|Any CPU
	EndGlobalSection
	GlobalSection(SolutionProperties) = preSolution
		HideSolutionNode = FALSE
	EndGlobalSection
	GlobalSection(ExtensibilityGlobals) = postSolution
		SolutionGuid = {0C15595E-C156-466A-B99D-CDADDB514618}
	EndGlobalSection
EndGlobal
