
Microsoft Visual Studio Solution File, Format Version 12.00
# Visual Studio 15
VisualStudioVersion = 15.0.27703.2047
MinimumVisualStudioVersion = 10.0.40219.1
Project("{888888A0-9F3D-457C-B088-3A5042F75D52}") = "Linear Regression(GA)", "Linear Regression(GA)\Linear Regression(GA).pyproj", "{B0BF95E8-92D3-45E2-A5A3-2E54461DCEED}"
EndProject
Global
	GlobalSection(SolutionConfigurationPlatforms) = preSolution
		Debug|Any CPU = Debug|Any CPU
		Release|Any CPU = Release|Any CPU
	EndGlobalSection
	GlobalSection(ProjectConfigurationPlatforms) = postSolution
		{B0BF95E8-92D3-45E2-A5A3-2E54461DCEED}.Debug|Any CPU.ActiveCfg = Debug|Any CPU
		{B0BF95E8-92D3-45E2-A5A3-2E54461DCEED}.Release|Any CPU.ActiveCfg = Release|Any CPU
	EndGlobalSection
	GlobalSection(SolutionProperties) = preSolution
		HideSolutionNode = FALSE
	EndGlobalSection
	GlobalSection(ExtensibilityGlobals) = postSolution
		SolutionGuid = {7D538720-62B3-452D-8402-27F562877184}
	EndGlobalSection
EndGlobal
